{
    "name": "ruthless-colors-shared",
    "version": "1.0.0",
    "lockfileVersion": 3,
    "requires": true,
    "packages": {
        "": {
            "name": "ruthless-colors-shared",
            "version": "1.0.0",
            "dependencies": {
                "ruthless-colors": "file:.."
            }
        },
        "..": {
            "name": "ruthless-colors",
            "version": "1.0.0",
            "dependencies": {
                "@tailwindcss/vite": "^4.2.2",
                "@vercel/analytics": "^2.0.1",
                "tailwindcss": "^4.2.2"
            },
            "devDependencies": {
                "concurrently": "^9.1.2"
            }
        },
        "node_modules/ruthless-colors": {
            "resolved": "..",
            "link": true
        }
    }
}
